
Microsoft Visual Studio Solution File, Format Version 12.00
# Visual Studio Express 2013 for Windows Desktop
VisualStudioVersion = 12.0.31101.0
MinimumVisualStudioVersion = 10.0.40219.1
Project("{2150E333-8FDC-42A3-9474-1A3956D46DE8}") = "libs", "libs", "{B445C695-7759-4127-94FE-A8C412F5948D}"
EndProject
Project("{2150E333-8FDC-42A3-9474-1A3956D46DE8}") = "vendors", "vendors", "{CC2B651B-67BA-42E5-94AE-BDC05055E719}"
EndProject
Project("{8BC9CEB8-8B4A-11D0-8D11-00A0C91BC942}") = "libcnary", "dependencies\libimobiledevice\libcnary\libcnary.vcxproj", "{69CDCB06-C62E-45F6-9E2B-4313C228F957}"
	ProjectSection(ProjectDependencies) = postProject
		{0788DB65-CD86-4A0D-A245-F29C0114373B} = {0788DB65-CD86-4A0D-A245-F29C0114373B}
		{1D6039F6-5078-416F-A3AF-A36EFC7E6A1C} = {1D6039F6-5078-416F-A3AF-A36EFC7E6A1C}
	EndProjectSection
EndProject
Project("{8BC9CEB8-8B4A-11D0-8D11-00A0C91BC942}") = "libplist", "dependencies\libimobiledevice\libplist\libplist.vcxproj", "{C2FC6AFF-553B-4B8F-8158-93D8D50A8C02}"
	ProjectSection(ProjectDependencies) = postProject
		{69CDCB06-C62E-45F6-9E2B-4313C228F957} = {69CDCB06-C62E-45F6-9E2B-4313C228F957}
		{0788DB65-CD86-4A0D-A245-F29C0114373B} = {0788DB65-CD86-4A0D-A245-F29C0114373B}
		{1D6039F6-5078-416F-A3AF-A36EFC7E6A1C} = {1D6039F6-5078-416F-A3AF-A36EFC7E6A1C}
	EndProjectSection
EndProject
Project("{8BC9CEB8-8B4A-11D0-8D11-00A0C91BC942}") = "libiconv", "dependencies\libimobiledevice\vendors\libiconv\libiconv.vcxproj", "{0788DB65-CD86-4A0D-A245-F29C0114373B}"
EndProject
Project("{8BC9CEB8-8B4A-11D0-8D11-00A0C91BC942}") = "libxml2", "dependencies\libimobiledevice\vendors\libxml\libxml2.vcxproj", "{1D6039F6-5078-416F-A3AF-A36EFC7E6A1C}"
EndProject
Project("{8BC9CEB8-8B4A-11D0-8D11-00A0C91BC942}") = "NppBplistPlugin", "src\NppBplistPlugin.vcxproj", "{1590D7CD-7D3A-4AB7-A355-EE02F7FB987D}"
	ProjectSection(ProjectDependencies) = postProject
		{69CDCB06-C62E-45F6-9E2B-4313C228F957} = {69CDCB06-C62E-45F6-9E2B-4313C228F957}
		{0788DB65-CD86-4A0D-A245-F29C0114373B} = {0788DB65-CD86-4A0D-A245-F29C0114373B}
		{1D6039F6-5078-416F-A3AF-A36EFC7E6A1C} = {1D6039F6-5078-416F-A3AF-A36EFC7E6A1C}
		{C2FC6AFF-553B-4B8F-8158-93D8D50A8C02} = {C2FC6AFF-553B-4B8F-8158-93D8D50A8C02}
	EndProjectSection
EndProject
Global
	GlobalSection(SolutionConfigurationPlatforms) = preSolution
		Unicode Debug|Win32 = Unicode Debug|Win32
		Unicode Release|Win32 = Unicode Release|Win32
	EndGlobalSection
	GlobalSection(ProjectConfigurationPlatforms) = postSolution
		{69CDCB06-C62E-45F6-9E2B-4313C228F957}.Unicode Debug|Win32.ActiveCfg = Debug|Win32
		{69CDCB06-C62E-45F6-9E2B-4313C228F957}.Unicode Debug|Win32.Build.0 = Debug|Win32
		{69CDCB06-C62E-45F6-9E2B-4313C228F957}.Unicode Release|Win32.ActiveCfg = Release|Win32
		{69CDCB06-C62E-45F6-9E2B-4313C228F957}.Unicode Release|Win32.Build.0 = Release|Win32
		{C2FC6AFF-553B-4B8F-8158-93D8D50A8C02}.Unicode Debug|Win32.ActiveCfg = Debug|Win32
		{C2FC6AFF-553B-4B8F-8158-93D8D50A8C02}.Unicode Debug|Win32.Build.0 = Debug|Win32
		{C2FC6AFF-553B-4B8F-8158-93D8D50A8C02}.Unicode Release|Win32.ActiveCfg = Release|Win32
		{C2FC6AFF-553B-4B8F-8158-93D8D50A8C02}.Unicode Release|Win32.Build.0 = Release|Win32
		{0788DB65-CD86-4A0D-A245-F29C0114373B}.Unicode Debug|Win32.ActiveCfg = Debug|Win32
		{0788DB65-CD86-4A0D-A245-F29C0114373B}.Unicode Debug|Win32.Build.0 = Debug|Win32
		{0788DB65-CD86-4A0D-A245-F29C0114373B}.Unicode Release|Win32.ActiveCfg = Release|Win32
		{0788DB65-CD86-4A0D-A245-F29C0114373B}.Unicode Release|Win32.Build.0 = Release|Win32
		{1D6039F6-5078-416F-A3AF-A36EFC7E6A1C}.Unicode Debug|Win32.ActiveCfg = Debug|Win32
		{1D6039F6-5078-416F-A3AF-A36EFC7E6A1C}.Unicode Debug|Win32.Build.0 = Debug|Win32
		{1D6039F6-5078-416F-A3AF-A36EFC7E6A1C}.Unicode Release|Win32.ActiveCfg = Release|Win32
		{1D6039F6-5078-416F-A3AF-A36EFC7E6A1C}.Unicode Release|Win32.Build.0 = Release|Win32
		{1590D7CD-7D3A-4AB7-A355-EE02F7FB987D}.Unicode Debug|Win32.ActiveCfg = Unicode Debug|Win32
		{1590D7CD-7D3A-4AB7-A355-EE02F7FB987D}.Unicode Debug|Win32.Build.0 = Unicode Debug|Win32
		{1590D7CD-7D3A-4AB7-A355-EE02F7FB987D}.Unicode Release|Win32.ActiveCfg = Unicode Release|Win32
		{1590D7CD-7D3A-4AB7-A355-EE02F7FB987D}.Unicode Release|Win32.Build.0 = Unicode Release|Win32
	EndGlobalSection
	GlobalSection(SolutionProperties) = preSolution
		HideSolutionNode = FALSE
	EndGlobalSection
	GlobalSection(NestedProjects) = preSolution
		{CC2B651B-67BA-42E5-94AE-BDC05055E719} = {B445C695-7759-4127-94FE-A8C412F5948D}
		{69CDCB06-C62E-45F6-9E2B-4313C228F957} = {B445C695-7759-4127-94FE-A8C412F5948D}
		{C2FC6AFF-553B-4B8F-8158-93D8D50A8C02} = {B445C695-7759-4127-94FE-A8C412F5948D}
		{0788DB65-CD86-4A0D-A245-F29C0114373B} = {CC2B651B-67BA-42E5-94AE-BDC05055E719}
		{1D6039F6-5078-416F-A3AF-A36EFC7E6A1C} = {CC2B651B-67BA-42E5-94AE-BDC05055E719}
	EndGlobalSection
EndGlobal
